
Microsoft Visual Studio Solution File, Format Version 12.00
# Visual Studio Version 16
VisualStudioVersion = 16.0.32630.194
MinimumVisualStudioVersion = 10.0.40219.1
Project("{FAE04EC0-301F-11D3-BF4B-00C04F79EFBC}") = "Homework_3_1", "Homework_3_1\Homework_3_1.csproj", "{565DCB0C-2F07-4054-9543-2AC3920FE624}"
EndProject
Global
	GlobalSection(SolutionConfigurationPlatforms) = preSolution
		Debug|Any CPU = Debug|Any CPU
		Release|Any CPU = Release|Any CPU
	EndGlobalSection
	GlobalSection(ProjectConfigurationPlatforms) = postSolution
		{565DCB0C-2F07-4054-9543-2AC3920FE624}.Debug|Any CPU.ActiveCfg = Debug|Any CPU
		{565DCB0C-2F07-4054-9543-2AC3920FE624}.Debug|Any CPU.Build.0 = Debug|Any CPU
		{565DCB0C-2F07-4054-9543-2AC3920FE624}.Release|Any CPU.ActiveCfg = Release|Any CPU
		{565DCB0C-2F07-4054-9543-2AC3920FE624}.Release|Any CPU.Build.0 = Release|Any CPU
	EndGlobalSection
	GlobalSection(SolutionProperties) = preSolution
		HideSolutionNode = FALSE
	EndGlobalSection
	GlobalSection(ExtensibilityGlobals) = postSolution
		SolutionGuid = {42E73335-4D6E-4A4A-BB46-EB7A913BBC9F}
	EndGlobalSection
EndGlobal
